
Microsoft Visual Studio Solution File, Format Version 12.00
# Visual Studio 15
Project("{FAE04EC0-301F-11D3-BF4B-00C04F79EFBC}") = "Assembly-CSharp-Editor", "Assembly-CSharp-Editor.csproj", "{F8953E7E-FEAC-AAF7-4D8C-FC4FE473FD45}"
EndProject
Project("{FAE04EC0-301F-11D3-BF4B-00C04F79EFBC}") = "Assembly-CSharp", "Assembly-CSharp.csproj", "{335832E2-C514-57E0-A19A-84AB98A4AADE}"
EndProject
Global
	GlobalSection(SolutionConfigurationPlatforms) = preSolution
		Debug|Any CPU = Debug|Any CPU
		Release|Any CPU = Release|Any CPU
	EndGlobalSection
	GlobalSection(ProjectConfigurationPlatforms) = postSolution
		{F8953E7E-FEAC-AAF7-4D8C-FC4FE473FD45}.Debug|Any CPU.ActiveCfg = Debug|Any CPU
		{F8953E7E-FEAC-AAF7-4D8C-FC4FE473FD45}.Debug|Any CPU.Build.0 = Debug|Any CPU
		{F8953E7E-FEAC-AAF7-4D8C-FC4FE473FD45}.Release|Any CPU.ActiveCfg = Release|Any CPU
		{F8953E7E-FEAC-AAF7-4D8C-FC4FE473FD45}.Release|Any CPU.Build.0 = Release|Any CPU
		{335832E2-C514-57E0-A19A-84AB98A4AADE}.Debug|Any CPU.ActiveCfg = Debug|Any CPU
		{335832E2-C514-57E0-A19A-84AB98A4AADE}.Debug|Any CPU.Build.0 = Debug|Any CPU
		{335832E2-C514-57E0-A19A-84AB98A4AADE}.Release|Any CPU.ActiveCfg = Release|Any CPU
		{335832E2-C514-57E0-A19A-84AB98A4AADE}.Release|Any CPU.Build.0 = Release|Any CPU
	EndGlobalSection
	GlobalSection(SolutionProperties) = preSolution
		HideSolutionNode = FALSE
	EndGlobalSection
EndGlobal
